{
  "name": "web",
  "lockfileVersion": 2,
  "requires": true,
  "packages": {
    "": {
      "dependencies": {
        "aos": "^2.3.4",
        "kute.js": "^2.2.4"
      }
    },
    "node_modules/@thednp/bezier-easing": {
      "version": "1.0.1",
      "resolved": "https://registry.npmjs.org/@thednp/bezier-easing/-/bezier-easing-1.0.1.tgz",
      "integrity": "sha512-wC3UYMnhvEV6Fw77ZbKGW7NqKGX0R+GgMbhA3AZs3b72lvinvS4s9oEmjg6Mku3mqaCtjaR1H1lxOmftY5oZ1g=="
    },
    "node_modules/@thednp/shorty": {
      "version": "1.0.3",
      "resolved": "https://registry.npmjs.org/@thednp/shorty/-/shorty-1.0.3.tgz",
      "integrity": "sha512-PPaERUGmRpi2eWxYUV5yv/pvalPgPOjwKRmRqGMWGuV8xgkvxgtjKIiFJA2D2ei4l4Ih9mEBktDg6Z9+y+To9Q=="
    },
    "node_modules/aos": {
      "version": "2.3.4",
      "resolved": "https://registry.npmjs.org/aos/-/aos-2.3.4.tgz",
      "integrity": "sha512-zh/ahtR2yME4I51z8IttIt4lC1Nw0ktsFtmeDzID1m9naJnWXhCoARaCgNOGXb5CLy3zm+wqmRAEgMYB5E2HUw==",
      "dependencies": {
        "classlist-polyfill": "^1.0.3",
        "lodash.debounce": "^4.0.6",
        "lodash.throttle": "^4.0.1"
      }
    },
    "node_modules/classlist-polyfill": {
      "version": "1.2.0",
      "resolved": "https://registry.npmjs.org/classlist-polyfill/-/classlist-polyfill-1.2.0.tgz",
      "integrity": "sha512-GzIjNdcEtH4ieA2S8NmrSxv7DfEV5fmixQeyTmqmRmRJPGpRBaSnA2a0VrCjyT8iW8JjEdMbKzDotAJf+ajgaQ=="
    },
    "node_modules/dommatrix": {
      "version": "1.0.3",
      "resolved": "https://registry.npmjs.org/dommatrix/-/dommatrix-1.0.3.tgz",
      "integrity": "sha512-l32Xp/TLgWb8ReqbVJAFIvXmY7go4nTxxlWiAFyhoQw9RKEOHBZNnyGvJWqDVSPmq3Y9HlM4npqF/T6VMOXhww=="
    },
    "node_modules/kute.js": {
      "version": "2.2.4",
      "resolved": "https://registry.npmjs.org/kute.js/-/kute.js-2.2.4.tgz",
      "integrity": "sha512-M63qfJplLT/1+qeRdFtHimC0D4fqUyRqHJcsnWWTY9s+isB6TsNNx/oSR2XzMm4CsY9Rvqurd+xUYSyJggmhbQ==",
      "dependencies": {
        "@thednp/bezier-easing": "^1.0.1",
        "@thednp/shorty": "^1.0.3",
        "minifill": "^0.0.17",
        "svg-path-commander": "1.0.5"
      }
    },
    "node_modules/lodash.debounce": {
      "version": "4.0.8",
      "resolved": "https://registry.npmjs.org/lodash.debounce/-/lodash.debounce-4.0.8.tgz",
      "integrity": "sha512-FT1yDzDYEoYWhnSGnpE/4Kj1fLZkDFyqRb7fNt6FdYOSxlUWAtp42Eh6Wb0rGIv/m9Bgo7x4GhQbm5Ys4SG5ow=="
    },
    "node_modules/lodash.throttle": {
      "version": "4.1.1",
      "resolved": "https://registry.npmjs.org/lodash.throttle/-/lodash.throttle-4.1.1.tgz",
      "integrity": "sha512-wIkUCfVKpVsWo3JSZlc+8MB5it+2AN5W8J7YVMST30UrvcQNZ1Okbj+rbVniijTWE6FGYy4XJq/rHkas8qJMLQ=="
    },
    "node_modules/minifill": {
      "version": "0.0.17",
      "resolved": "https://registry.npmjs.org/minifill/-/minifill-0.0.17.tgz",
      "integrity": "sha512-tV56LFXsi8vjH4tUExtlu8aPKKQw/U/mn4OIrDU9x30H+9sP8/dWFbXzkAPmcH6o+9fho98kyafnk4VgQViYQQ=="
    },
    "node_modules/svg-path-commander": {
      "version": "1.0.5",
      "resolved": "https://registry.npmjs.org/svg-path-commander/-/svg-path-commander-1.0.5.tgz",
      "integrity": "sha512-hhQfARVXoPrwwe4DNPWM4hjQLK7rTxwQ+TUc5mxoe5g0k5eStc4SPnKqmivlm/dzZ98bI+yDyKye92n2t+oOiQ==",
      "dependencies": {
        "dommatrix": "^1.0.3"
      }
    }
  },
  "dependencies": {
    "@thednp/bezier-easing": {
      "version": "1.0.1",
      "resolved": "https://registry.npmjs.org/@thednp/bezier-easing/-/bezier-easing-1.0.1.tgz",
      "integrity": "sha512-wC3UYMnhvEV6Fw77ZbKGW7NqKGX0R+GgMbhA3AZs3b72lvinvS4s9oEmjg6Mku3mqaCtjaR1H1lxOmftY5oZ1g=="
    },
    "@thednp/shorty": {
      "version": "1.0.3",
      "resolved": "https://registry.npmjs.org/@thednp/shorty/-/shorty-1.0.3.tgz",
      "integrity": "sha512-PPaERUGmRpi2eWxYUV5yv/pvalPgPOjwKRmRqGMWGuV8xgkvxgtjKIiFJA2D2ei4l4Ih9mEBktDg6Z9+y+To9Q=="
    },
    "aos": {
      "version": "2.3.4",
      "resolved": "https://registry.npmjs.org/aos/-/aos-2.3.4.tgz",
      "integrity": "sha512-zh/ahtR2yME4I51z8IttIt4lC1Nw0ktsFtmeDzID1m9naJnWXhCoARaCgNOGXb5CLy3zm+wqmRAEgMYB5E2HUw==",
      "requires": {
        "classlist-polyfill": "^1.0.3",
        "lodash.debounce": "^4.0.6",
        "lodash.throttle": "^4.0.1"
      }
    },
    "classlist-polyfill": {
      "version": "1.2.0",
      "resolved": "https://registry.npmjs.org/classlist-polyfill/-/classlist-polyfill-1.2.0.tgz",
      "integrity": "sha512-GzIjNdcEtH4ieA2S8NmrSxv7DfEV5fmixQeyTmqmRmRJPGpRBaSnA2a0VrCjyT8iW8JjEdMbKzDotAJf+ajgaQ=="
    },
    "dommatrix": {
      "version": "1.0.3",
      "resolved": "https://registry.npmjs.org/dommatrix/-/dommatrix-1.0.3.tgz",
      "integrity": "sha512-l32Xp/TLgWb8ReqbVJAFIvXmY7go4nTxxlWiAFyhoQw9RKEOHBZNnyGvJWqDVSPmq3Y9HlM4npqF/T6VMOXhww=="
    },
    "kute.js": {
      "version": "2.2.4",
      "resolved": "https://registry.npmjs.org/kute.js/-/kute.js-2.2.4.tgz",
      "integrity": "sha512-M63qfJplLT/1+qeRdFtHimC0D4fqUyRqHJcsnWWTY9s+isB6TsNNx/oSR2XzMm4CsY9Rvqurd+xUYSyJggmhbQ==",
      "requires": {
        "@thednp/bezier-easing": "^1.0.1",
        "@thednp/shorty": "^1.0.3",
        "minifill": "^0.0.17",
        "svg-path-commander": "1.0.5"
      }
    },
    "lodash.debounce": {
      "version": "4.0.8",
      "resolved": "https://registry.npmjs.org/lodash.debounce/-/lodash.debounce-4.0.8.tgz",
      "integrity": "sha512-FT1yDzDYEoYWhnSGnpE/4Kj1fLZkDFyqRb7fNt6FdYOSxlUWAtp42Eh6Wb0rGIv/m9Bgo7x4GhQbm5Ys4SG5ow=="
    },
    "lodash.throttle": {
      "version": "4.1.1",
      "resolved": "https://registry.npmjs.org/lodash.throttle/-/lodash.throttle-4.1.1.tgz",
      "integrity": "sha512-wIkUCfVKpVsWo3JSZlc+8MB5it+2AN5W8J7YVMST30UrvcQNZ1Okbj+rbVniijTWE6FGYy4XJq/rHkas8qJMLQ=="
    },
    "minifill": {
      "version": "0.0.17",
      "resolved": "https://registry.npmjs.org/minifill/-/minifill-0.0.17.tgz",
      "integrity": "sha512-tV56LFXsi8vjH4tUExtlu8aPKKQw/U/mn4OIrDU9x30H+9sP8/dWFbXzkAPmcH6o+9fho98kyafnk4VgQViYQQ=="
    },
    "svg-path-commander": {
      "version": "1.0.5",
      "resolved": "https://registry.npmjs.org/svg-path-commander/-/svg-path-commander-1.0.5.tgz",
      "integrity": "sha512-hhQfARVXoPrwwe4DNPWM4hjQLK7rTxwQ+TUc5mxoe5g0k5eStc4SPnKqmivlm/dzZ98bI+yDyKye92n2t+oOiQ==",
      "requires": {
        "dommatrix": "^1.0.3"
      }
    }
  }
}
